
Microsoft Visual Studio Solution File, Format Version 12.00
# Visual Studio 15
VisualStudioVersion = 15.0.28010.2026
MinimumVisualStudioVersion = 10.0.40219.1
Project("{FAE04EC0-301F-11D3-BF4B-00C04F79EFBC}") = "MovieLibrary", "MovieLibrary\MovieLibrary.csproj", "{5B61F6C6-8EB4-4573-8A7E-C1B2B5ACDF88}"
EndProject
Global
	GlobalSection(SolutionConfigurationPlatforms) = preSolution
		Debug|Any CPU = Debug|Any CPU
		Release|Any CPU = Release|Any CPU
	EndGlobalSection
	GlobalSection(ProjectConfigurationPlatforms) = postSolution
		{5B61F6C6-8EB4-4573-8A7E-C1B2B5ACDF88}.Debug|Any CPU.ActiveCfg = Debug|Any CPU
		{5B61F6C6-8EB4-4573-8A7E-C1B2B5ACDF88}.Debug|Any CPU.Build.0 = Debug|Any CPU
		{5B61F6C6-8EB4-4573-8A7E-C1B2B5ACDF88}.Release|Any CPU.ActiveCfg = Release|Any CPU
		{5B61F6C6-8EB4-4573-8A7E-C1B2B5ACDF88}.Release|Any CPU.Build.0 = Release|Any CPU
	EndGlobalSection
	GlobalSection(SolutionProperties) = preSolution
		HideSolutionNode = FALSE
	EndGlobalSection
	GlobalSection(ExtensibilityGlobals) = postSolution
		SolutionGuid = {658F3D91-ECBD-436A-BD39-8B648D9ACED0}
	EndGlobalSection
EndGlobal
